// !$*UTF8*$!
{
	archiveVersion = 1;
	classes = {
	};
	objectVersion = 54;
	objects = {

/* Begin PBXBuildFile section */
		AB139B9226C0FFB700D5A514 /* RootTabBarController.swift in Sources */ = {isa = PBXBuildFile; fileRef = AB139B9126C0FFB700D5A514 /* RootTabBarController.swift */; };
		AB139B9426C0FFC400D5A514 /* RootRouter.swift in Sources */ = {isa = PBXBuildFile; fileRef = AB139B9326C0FFC400D5A514 /* RootRouter.swift */; };
		AB139B9B26C1001000D5A514 /* RootProtocols.swift in Sources */ = {isa = PBXBuildFile; fileRef = AB139B9A26C1001000D5A514 /* RootProtocols.swift */; };
		AB139B9D26C105AD00D5A514 /* RootPresenter.swift in Sources */ = {isa = PBXBuildFile; fileRef = AB139B9C26C105AD00D5A514 /* RootPresenter.swift */; };
		AB139B9F26C105B700D5A514 /* RootInteractor.swift in Sources */ = {isa = PBXBuildFile; fileRef = AB139B9E26C105B700D5A514 /* RootInteractor.swift */; };
		AB139BA626C1318200D5A514 /* WelcomeProtocols.swift in Sources */ = {isa = PBXBuildFile; fileRef = AB139BA526C1318200D5A514 /* WelcomeProtocols.swift */; };
		AB139BA826C1319A00D5A514 /* viper.swift in Sources */ = {isa = PBXBuildFile; fileRef = AB139BA726C1319A00D5A514 /* viper.swift */; };
		AB139BAA26C132A700D5A514 /* WelcomeViewController.swift in Sources */ = {isa = PBXBuildFile; fileRef = AB139BA926C132A700D5A514 /* WelcomeViewController.swift */; };
		AB139BAC26C132B000D5A514 /* WelcomeInteractor.swift in Sources */ = {isa = PBXBuildFile; fileRef = AB139BAB26C132B000D5A514 /* WelcomeInteractor.swift */; };
		AB139BAE26C132BA00D5A514 /* WelcomePresenter.swift in Sources */ = {isa = PBXBuildFile; fileRef = AB139BAD26C132BA00D5A514 /* WelcomePresenter.swift */; };
		AB139BB026C1332800D5A514 /* WelcomeRouter.swift in Sources */ = {isa = PBXBuildFile; fileRef = AB139BAF26C1332800D5A514 /* WelcomeRouter.swift */; };
		ABE4C45726B1810500DBDCA4 /* AppDelegate.swift in Sources */ = {isa = PBXBuildFile; fileRef = ABE4C45626B1810500DBDCA4 /* AppDelegate.swift */; };
		ABE4C45926B1810500DBDCA4 /* SceneDelegate.swift in Sources */ = {isa = PBXBuildFile; fileRef = ABE4C45826B1810500DBDCA4 /* SceneDelegate.swift */; };
		ABE4C46026B1810600DBDCA4 /* Assets.xcassets in Resources */ = {isa = PBXBuildFile; fileRef = ABE4C45F26B1810600DBDCA4 /* Assets.xcassets */; };
		ABE4C46326B1810600DBDCA4 /* LaunchScreen.storyboard in Resources */ = {isa = PBXBuildFile; fileRef = ABE4C46126B1810600DBDCA4 /* LaunchScreen.storyboard */; };
/* End PBXBuildFile section */

/* Begin PBXFileReference section */
		AB139B9126C0FFB700D5A514 /* RootTabBarController.swift */ = {isa = PBXFileReference; lastKnownFileType = sourcecode.swift; path = RootTabBarController.swift; sourceTree = "<group>"; };
		AB139B9326C0FFC400D5A514 /* RootRouter.swift */ = {isa = PBXFileReference; lastKnownFileType = sourcecode.swift; path = RootRouter.swift; sourceTree = "<group>"; };
		AB139B9A26C1001000D5A514 /* RootProtocols.swift */ = {isa = PBXFileReference; lastKnownFileType = sourcecode.swift; path = RootProtocols.swift; sourceTree = "<group>"; };
		AB139B9C26C105AD00D5A514 /* RootPresenter.swift */ = {isa = PBXFileReference; lastKnownFileType = sourcecode.swift; path = RootPresenter.swift; sourceTree = "<group>"; };
		AB139B9E26C105B700D5A514 /* RootInteractor.swift */ = {isa = PBXFileReference; lastKnownFileType = sourcecode.swift; path = RootInteractor.swift; sourceTree = "<group>"; };
		AB139BA526C1318200D5A514 /* WelcomeProtocols.swift */ = {isa = PBXFileReference; lastKnownFileType = sourcecode.swift; path = WelcomeProtocols.swift; sourceTree = "<group>"; };
		AB139BA726C1319A00D5A514 /* viper.swift */ = {isa = PBXFileReference; fileEncoding = 4; lastKnownFileType = sourcecode.swift; path = viper.swift; sourceTree = "<group>"; };
		AB139BA926C132A700D5A514 /* WelcomeViewController.swift */ = {isa = PBXFileReference; lastKnownFileType = sourcecode.swift; path = WelcomeViewController.swift; sourceTree = "<group>"; };
		AB139BAB26C132B000D5A514 /* WelcomeInteractor.swift */ = {isa = PBXFileReference; lastKnownFileType = sourcecode.swift; path = WelcomeInteractor.swift; sourceTree = "<group>"; };
		AB139BAD26C132BA00D5A514 /* WelcomePresenter.swift */ = {isa = PBXFileReference; lastKnownFileType = sourcecode.swift; path = WelcomePresenter.swift; sourceTree = "<group>"; };
		AB139BAF26C1332800D5A514 /* WelcomeRouter.swift */ = {isa = PBXFileReference; lastKnownFileType = sourcecode.swift; path = WelcomeRouter.swift; sourceTree = "<group>"; };
		ABE4C45326B1810500DBDCA4 /* Foodie.app */ = {isa = PBXFileReference; explicitFileType = wrapper.application; includeInIndex = 0; path = Foodie.app; sourceTree = BUILT_PRODUCTS_DIR; };
		ABE4C45626B1810500DBDCA4 /* AppDelegate.swift */ = {isa = PBXFileReference; lastKnownFileType = sourcecode.swift; path = AppDelegate.swift; sourceTree = "<group>"; };
		ABE4C45826B1810500DBDCA4 /* SceneDelegate.swift */ = {isa = PBXFileReference; lastKnownFileType = sourcecode.swift; path = SceneDelegate.swift; sourceTree = "<group>"; };
		ABE4C45F26B1810600DBDCA4 /* Assets.xcassets */ = {isa = PBXFileReference; lastKnownFileType = folder.assetcatalog; path = Assets.xcassets; sourceTree = "<group>"; };
		ABE4C46226B1810600DBDCA4 /* Base */ = {isa = PBXFileReference; lastKnownFileType = file.storyboard; name = Base; path = Base.lproj/LaunchScreen.storyboard; sourceTree = "<group>"; };
		ABE4C46426B1810600DBDCA4 /* Info.plist */ = {isa = PBXFileReference; lastKnownFileType = text.plist.xml; path = Info.plist; sourceTree = "<group>"; };
/* End PBXFileReference section */

/* Begin PBXFrameworksBuildPhase section */
		ABE4C45026B1810500DBDCA4 /* Frameworks */ = {
			isa = PBXFrameworksBuildPhase;
			buildActionMask = 2147483647;
			files = (
			);
			runOnlyForDeploymentPostprocessing = 0;
		};
/* End PBXFrameworksBuildPhase section */

/* Begin PBXGroup section */
		AB139B8F26C0F3A500D5A514 /* Root */ = {
			isa = PBXGroup;
			children = (
				AB139B9926C0FFFA00D5A514 /* View */,
				AB139B9826C0FFF600D5A514 /* Interactor */,
				AB139B9726C0FFEB00D5A514 /* Presenter */,
				AB139B9626C0FFE700D5A514 /* Entitiy */,
				AB139B9526C0FFE200D5A514 /* Router */,
				AB139B9A26C1001000D5A514 /* RootProtocols.swift */,
			);
			path = Root;
			sourceTree = "<group>";
		};
		AB139B9026C0F3C900D5A514 /* Welcome */ = {
			isa = PBXGroup;
			children = (
				AB139BA426C1317300D5A514 /* View */,
				AB139BA326C1316600D5A514 /* Interactor */,
				AB139BA226C1315B00D5A514 /* Presenter */,
				AB139BA126C1315300D5A514 /* Entity */,
				AB139BA026C1314C00D5A514 /* Router */,
				AB139BA526C1318200D5A514 /* WelcomeProtocols.swift */,
			);
			path = Welcome;
			sourceTree = "<group>";
		};
		AB139B9526C0FFE200D5A514 /* Router */ = {
			isa = PBXGroup;
			children = (
				AB139B9326C0FFC400D5A514 /* RootRouter.swift */,
			);
			path = Router;
			sourceTree = "<group>";
		};
		AB139B9626C0FFE700D5A514 /* Entitiy */ = {
			isa = PBXGroup;
			children = (
			);
			path = Entitiy;
			sourceTree = "<group>";
		};
		AB139B9726C0FFEB00D5A514 /* Presenter */ = {
			isa = PBXGroup;
			children = (
				AB139B9C26C105AD00D5A514 /* RootPresenter.swift */,
			);
			path = Presenter;
			sourceTree = "<group>";
		};
		AB139B9826C0FFF600D5A514 /* Interactor */ = {
			isa = PBXGroup;
			children = (
				AB139B9E26C105B700D5A514 /* RootInteractor.swift */,
			);
			path = Interactor;
			sourceTree = "<group>";
		};
		AB139B9926C0FFFA00D5A514 /* View */ = {
			isa = PBXGroup;
			children = (
				AB139B9126C0FFB700D5A514 /* RootTabBarController.swift */,
			);
			path = View;
			sourceTree = "<group>";
		};
		AB139BA026C1314C00D5A514 /* Router */ = {
			isa = PBXGroup;
			children = (
				AB139BAF26C1332800D5A514 /* WelcomeRouter.swift */,
			);
			path = Router;
			sourceTree = "<group>";
		};
		AB139BA126C1315300D5A514 /* Entity */ = {
			isa = PBXGroup;
			children = (
			);
			path = Entity;
			sourceTree = "<group>";
		};
		AB139BA226C1315B00D5A514 /* Presenter */ = {
			isa = PBXGroup;
			children = (
				AB139BAD26C132BA00D5A514 /* WelcomePresenter.swift */,
			);
			path = Presenter;
			sourceTree = "<group>";
		};
		AB139BA326C1316600D5A514 /* Interactor */ = {
			isa = PBXGroup;
			children = (
				AB139BAB26C132B000D5A514 /* WelcomeInteractor.swift */,
			);
			path = Interactor;
			sourceTree = "<group>";
		};
		AB139BA426C1317300D5A514 /* View */ = {
			isa = PBXGroup;
			children = (
				AB139BA926C132A700D5A514 /* WelcomeViewController.swift */,
			);
			path = View;
			sourceTree = "<group>";
		};
		ABE4C44A26B1810500DBDCA4 = {
			isa = PBXGroup;
			children = (
				ABE4C45526B1810500DBDCA4 /* Foodie */,
				ABE4C45426B1810500DBDCA4 /* Products */,
			);
			sourceTree = "<group>";
		};
		ABE4C45426B1810500DBDCA4 /* Products */ = {
			isa = PBXGroup;
			children = (
				ABE4C45326B1810500DBDCA4 /* Foodie.app */,
			);
			name = Products;
			sourceTree = "<group>";
		};
		ABE4C45526B1810500DBDCA4 /* Foodie */ = {
			isa = PBXGroup;
			children = (
				ABE4C46A26B1844400DBDCA4 /* Modules */,
				ABE4C46B26B1851F00DBDCA4 /* Supporting files */,
				ABE4C45F26B1810600DBDCA4 /* Assets.xcassets */,
				ABE4C46426B1810600DBDCA4 /* Info.plist */,
			);
			path = Foodie;
			sourceTree = "<group>";
		};
		ABE4C46A26B1844400DBDCA4 /* Modules */ = {
			isa = PBXGroup;
			children = (
				AB139B8F26C0F3A500D5A514 /* Root */,
				AB139B9026C0F3C900D5A514 /* Welcome */,
			);
			path = Modules;
			sourceTree = "<group>";
		};
		ABE4C46B26B1851F00DBDCA4 /* Supporting files */ = {
			isa = PBXGroup;
			children = (
				AB139BA726C1319A00D5A514 /* viper.swift */,
				ABE4C45626B1810500DBDCA4 /* AppDelegate.swift */,
				ABE4C45826B1810500DBDCA4 /* SceneDelegate.swift */,
				ABE4C46126B1810600DBDCA4 /* LaunchScreen.storyboard */,
			);
			path = "Supporting files";
			sourceTree = "<group>";
		};
/* End PBXGroup section */

/* Begin PBXNativeTarget section */
		ABE4C45226B1810500DBDCA4 /* Foodie */ = {
			isa = PBXNativeTarget;
			buildConfigurationList = ABE4C46726B1810600DBDCA4 /* Build configuration list for PBXNativeTarget "Foodie" */;
			buildPhases = (
				ABE4C44F26B1810500DBDCA4 /* Sources */,
				ABE4C45026B1810500DBDCA4 /* Frameworks */,
				ABE4C45126B1810500DBDCA4 /* Resources */,
			);
			buildRules = (
			);
			dependencies = (
			);
			name = Foodie;
			productName = Foodie;
			productReference = ABE4C45326B1810500DBDCA4 /* Foodie.app */;
			productType = "com.apple.product-type.application";
		};
/* End PBXNativeTarget section */

/* Begin PBXProject section */
		ABE4C44B26B1810500DBDCA4 /* Project object */ = {
			isa = PBXProject;
			attributes = {
				BuildIndependentTargetsInParallel = 1;
				LastSwiftUpdateCheck = 1300;
				LastUpgradeCheck = 1300;
				TargetAttributes = {
					ABE4C45226B1810500DBDCA4 = {
						CreatedOnToolsVersion = 13.0;
					};
				};
			};
			buildConfigurationList = ABE4C44E26B1810500DBDCA4 /* Build configuration list for PBXProject "Foodie" */;
			compatibilityVersion = "Xcode 12.0";
			developmentRegion = en;
			hasScannedForEncodings = 0;
			knownRegions = (
				en,
				Base,
			);
			mainGroup = ABE4C44A26B1810500DBDCA4;
			productRefGroup = ABE4C45426B1810500DBDCA4 /* Products */;
			projectDirPath = "";
			projectRoot = "";
			targets = (
				ABE4C45226B1810500DBDCA4 /* Foodie */,
			);
		};
/* End PBXProject section */

/* Begin PBXResourcesBuildPhase section */
		ABE4C45126B1810500DBDCA4 /* Resources */ = {
			isa = PBXResourcesBuildPhase;
			buildActionMask = 2147483647;
			files = (
				ABE4C46326B1810600DBDCA4 /* LaunchScreen.storyboard in Resources */,
				ABE4C46026B1810600DBDCA4 /* Assets.xcassets in Resources */,
			);
			runOnlyForDeploymentPostprocessing = 0;
		};
/* End PBXResourcesBuildPhase section */

/* Begin PBXSourcesBuildPhase section */
		ABE4C44F26B1810500DBDCA4 /* Sources */ = {
			isa = PBXSourcesBuildPhase;
			buildActionMask = 2147483647;
			files = (
				AB139B9226C0FFB700D5A514 /* RootTabBarController.swift in Sources */,
				AB139BAE26C132BA00D5A514 /* WelcomePresenter.swift in Sources */,
				AB139BAA26C132A700D5A514 /* WelcomeViewController.swift in Sources */,
				AB139BAC26C132B000D5A514 /* WelcomeInteractor.swift in Sources */,
				ABE4C45726B1810500DBDCA4 /* AppDelegate.swift in Sources */,
				AB139BB026C1332800D5A514 /* WelcomeRouter.swift in Sources */,
				AB139BA626C1318200D5A514 /* WelcomeProtocols.swift in Sources */,
				AB139B9B26C1001000D5A514 /* RootProtocols.swift in Sources */,
				AB139B9426C0FFC400D5A514 /* RootRouter.swift in Sources */,
				AB139BA826C1319A00D5A514 /* viper.swift in Sources */,
				AB139B9F26C105B700D5A514 /* RootInteractor.swift in Sources */,
				AB139B9D26C105AD00D5A514 /* RootPresenter.swift in Sources */,
				ABE4C45926B1810500DBDCA4 /* SceneDelegate.swift in Sources */,
			);
			runOnlyForDeploymentPostprocessing = 0;
		};
/* End PBXSourcesBuildPhase section */

/* Begin PBXVariantGroup section */
		ABE4C46126B1810600DBDCA4 /* LaunchScreen.storyboard */ = {
			isa = PBXVariantGroup;
			children = (
				ABE4C46226B1810600DBDCA4 /* Base */,
			);
			name = LaunchScreen.storyboard;
			sourceTree = "<group>";
		};
/* End PBXVariantGroup section */

/* Begin XCBuildConfiguration section */
		ABE4C46526B1810600DBDCA4 /* Debug */ = {
			isa = XCBuildConfiguration;
			buildSettings = {
				ALWAYS_SEARCH_USER_PATHS = NO;
				CLANG_ANALYZER_NONNULL = YES;
				CLANG_ANALYZER_NUMBER_OBJECT_CONVERSION = YES_AGGRESSIVE;
				CLANG_CXX_LANGUAGE_STANDARD = "gnu++17";
				CLANG_CXX_LIBRARY = "libc++";
				CLANG_ENABLE_MODULES = YES;
				CLANG_ENABLE_OBJC_ARC = YES;
				CLANG_ENABLE_OBJC_WEAK = YES;
				CLANG_WARN_BLOCK_CAPTURE_AUTORELEASING = YES;
				CLANG_WARN_BOOL_CONVERSION = YES;
				CLANG_WARN_COMMA = YES;
				CLANG_WARN_CONSTANT_CONVERSION = YES;
				CLANG_WARN_DEPRECATED_OBJC_IMPLEMENTATIONS = YES;
				CLANG_WARN_DIRECT_OBJC_ISA_USAGE = YES_ERROR;
				CLANG_WARN_DOCUMENTATION_COMMENTS = YES;
				CLANG_WARN_EMPTY_BODY = YES;
				CLANG_WARN_ENUM_CONVERSION = YES;
				CLANG_WARN_INFINITE_RECURSION = YES;
				CLANG_WARN_INT_CONVERSION = YES;
				CLANG_WARN_NON_LITERAL_NULL_CONVERSION = YES;
				CLANG_WARN_OBJC_IMPLICIT_RETAIN_SELF = YES;
				CLANG_WARN_OBJC_LITERAL_CONVERSION = YES;
				CLANG_WARN_OBJC_ROOT_CLASS = YES_ERROR;
				CLANG_WARN_QUOTED_INCLUDE_IN_FRAMEWORK_HEADER = YES;
				CLANG_WARN_RANGE_LOOP_ANALYSIS = YES;
				CLANG_WARN_STRICT_PROTOTYPES = YES;
				CLANG_WARN_SUSPICIOUS_MOVE = YES;
				CLANG_WARN_UNGUARDED_AVAILABILITY = YES_AGGRESSIVE;
				CLANG_WARN_UNREACHABLE_CODE = YES;
				CLANG_WARN__DUPLICATE_METHOD_MATCH = YES;
				COPY_PHASE_STRIP = NO;
				DEBUG_INFORMATION_FORMAT = dwarf;
				ENABLE_STRICT_OBJC_MSGSEND = YES;
				ENABLE_TESTABILITY = YES;
				GCC_C_LANGUAGE_STANDARD = gnu11;
				GCC_DYNAMIC_NO_PIC = NO;
				GCC_NO_COMMON_BLOCKS = YES;
				GCC_OPTIMIZATION_LEVEL = 0;
				GCC_PREPROCESSOR_DEFINITIONS = (
					"DEBUG=1",
					"$(inherited)",
				);
				GCC_WARN_64_TO_32_BIT_CONVERSION = YES;
				GCC_WARN_ABOUT_RETURN_TYPE = YES_ERROR;
				GCC_WARN_UNDECLARED_SELECTOR = YES;
				GCC_WARN_UNINITIALIZED_AUTOS = YES_AGGRESSIVE;
				GCC_WARN_UNUSED_FUNCTION = YES;
				GCC_WARN_UNUSED_VARIABLE = YES;
				IPHONEOS_DEPLOYMENT_TARGET = 15.0;
				MTL_ENABLE_DEBUG_INFO = INCLUDE_SOURCE;
				MTL_FAST_MATH = YES;
				ONLY_ACTIVE_ARCH = YES;
				SDKROOT = iphoneos;
				SWIFT_ACTIVE_COMPILATION_CONDITIONS = DEBUG;
				SWIFT_OPTIMIZATION_LEVEL = "-Onone";
			};
			name = Debug;
		};
		ABE4C46626B1810600DBDCA4 /* Release */ = {
			isa = XCBuildConfiguration;
			buildSettings = {
				ALWAYS_SEARCH_USER_PATHS = NO;
				CLANG_ANALYZER_NONNULL = YES;
				CLANG_ANALYZER_NUMBER_OBJECT_CONVERSION = YES_AGGRESSIVE;
				CLANG_CXX_LANGUAGE_STANDARD = "gnu++17";
				CLANG_CXX_LIBRARY = "libc++";
				CLANG_ENABLE_MODULES = YES;
				CLANG_ENABLE_OBJC_ARC = YES;
				CLANG_ENABLE_OBJC_WEAK = YES;
				CLANG_WARN_BLOCK_CAPTURE_AUTORELEASING = YES;
				CLANG_WARN_BOOL_CONVERSION = YES;
				CLANG_WARN_COMMA = YES;
				CLANG_WARN_CONSTANT_CONVERSION = YES;
				CLANG_WARN_DEPRECATED_OBJC_IMPLEMENTATIONS = YES;
				CLANG_WARN_DIRECT_OBJC_ISA_USAGE = YES_ERROR;
				CLANG_WARN_DOCUMENTATION_COMMENTS = YES;
				CLANG_WARN_EMPTY_BODY = YES;
				CLANG_WARN_ENUM_CONVERSION = YES;
				CLANG_WARN_INFINITE_RECURSION = YES;
				CLANG_WARN_INT_CONVERSION = YES;
				CLANG_WARN_NON_LITERAL_NULL_CONVERSION = YES;
				CLANG_WARN_OBJC_IMPLICIT_RETAIN_SELF = YES;
				CLANG_WARN_OBJC_LITERAL_CONVERSION = YES;
				CLANG_WARN_OBJC_ROOT_CLASS = YES_ERROR;
				CLANG_WARN_QUOTED_INCLUDE_IN_FRAMEWORK_HEADER = YES;
				CLANG_WARN_RANGE_LOOP_ANALYSIS = YES;
				CLANG_WARN_STRICT_PROTOTYPES = YES;
				CLANG_WARN_SUSPICIOUS_MOVE = YES;
				CLANG_WARN_UNGUARDED_AVAILABILITY = YES_AGGRESSIVE;
				CLANG_WARN_UNREACHABLE_CODE = YES;
				CLANG_WARN__DUPLICATE_METHOD_MATCH = YES;
				COPY_PHASE_STRIP = NO;
				DEBUG_INFORMATION_FORMAT = "dwarf-with-dsym";
				ENABLE_NS_ASSERTIONS = NO;
				ENABLE_STRICT_OBJC_MSGSEND = YES;
				GCC_C_LANGUAGE_STANDARD = gnu11;
				GCC_NO_COMMON_BLOCKS = YES;
				GCC_WARN_64_TO_32_BIT_CONVERSION = YES;
				GCC_WARN_ABOUT_RETURN_TYPE = YES_ERROR;
				GCC_WARN_UNDECLARED_SELECTOR = YES;
				GCC_WARN_UNINITIALIZED_AUTOS = YES_AGGRESSIVE;
				GCC_WARN_UNUSED_FUNCTION = YES;
				GCC_WARN_UNUSED_VARIABLE = YES;
				IPHONEOS_DEPLOYMENT_TARGET = 15.0;
				MTL_ENABLE_DEBUG_INFO = NO;
				MTL_FAST_MATH = YES;
				SDKROOT = iphoneos;
				SWIFT_COMPILATION_MODE = wholemodule;
				SWIFT_OPTIMIZATION_LEVEL = "-O";
				VALIDATE_PRODUCT = YES;
			};
			name = Release;
		};
		ABE4C46826B1810600DBDCA4 /* Debug */ = {
			isa = XCBuildConfiguration;
			buildSettings = {
				ASSETCATALOG_COMPILER_APPICON_NAME = AppIcon;
				ASSETCATALOG_COMPILER_GLOBAL_ACCENT_COLOR_NAME = AccentColor;
				CODE_SIGN_STYLE = Automatic;
				CURRENT_PROJECT_VERSION = 1;
				DEVELOPMENT_TEAM = WCQRQ8RKJR;
				GENERATE_INFOPLIST_FILE = YES;
				INFOPLIST_FILE = Foodie/Info.plist;
				INFOPLIST_KEY_UIApplicationSupportsIndirectInputEvents = YES;
				INFOPLIST_KEY_UILaunchStoryboardName = LaunchScreen;
				INFOPLIST_KEY_UISupportedInterfaceOrientations_iPad = "UIInterfaceOrientationPortrait UIInterfaceOrientationPortraitUpsideDown UIInterfaceOrientationLandscapeLeft UIInterfaceOrientationLandscapeRight";
				INFOPLIST_KEY_UISupportedInterfaceOrientations_iPhone = "UIInterfaceOrientationPortrait UIInterfaceOrientationLandscapeLeft UIInterfaceOrientationLandscapeRight";
				LD_RUNPATH_SEARCH_PATHS = (
					"$(inherited)",
					"@executable_path/Frameworks",
				);
				MARKETING_VERSION = 1.0;
				PRODUCT_BUNDLE_IDENTIFIER = com.oybek.Foodie;
				PRODUCT_NAME = "$(TARGET_NAME)";
				SWIFT_EMIT_LOC_STRINGS = YES;
				SWIFT_VERSION = 5.0;
				TARGETED_DEVICE_FAMILY = "1,2";
			};
			name = Debug;
		};
		ABE4C46926B1810600DBDCA4 /* Release */ = {
			isa = XCBuildConfiguration;
			buildSettings = {
				ASSETCATALOG_COMPILER_APPICON_NAME = AppIcon;
				ASSETCATALOG_COMPILER_GLOBAL_ACCENT_COLOR_NAME = AccentColor;
				CODE_SIGN_STYLE = Automatic;
				CURRENT_PROJECT_VERSION = 1;
				DEVELOPMENT_TEAM = WCQRQ8RKJR;
				GENERATE_INFOPLIST_FILE = YES;
				INFOPLIST_FILE = Foodie/Info.plist;
				INFOPLIST_KEY_UIApplicationSupportsIndirectInputEvents = YES;
				INFOPLIST_KEY_UILaunchStoryboardName = LaunchScreen;
				INFOPLIST_KEY_UISupportedInterfaceOrientations_iPad = "UIInterfaceOrientationPortrait UIInterfaceOrientationPortraitUpsideDown UIInterfaceOrientationLandscapeLeft UIInterfaceOrientationLandscapeRight";
				INFOPLIST_KEY_UISupportedInterfaceOrientations_iPhone = "UIInterfaceOrientationPortrait UIInterfaceOrientationLandscapeLeft UIInterfaceOrientationLandscapeRight";
				LD_RUNPATH_SEARCH_PATHS = (
					"$(inherited)",
					"@executable_path/Frameworks",
				);
				MARKETING_VERSION = 1.0;
				PRODUCT_BUNDLE_IDENTIFIER = com.oybek.Foodie;
				PRODUCT_NAME = "$(TARGET_NAME)";
				SWIFT_EMIT_LOC_STRINGS = YES;
				SWIFT_VERSION = 5.0;
				TARGETED_DEVICE_FAMILY = "1,2";
			};
			name = Release;
		};
/* End XCBuildConfiguration section */

/* Begin XCConfigurationList section */
		ABE4C44E26B1810500DBDCA4 /* Build configuration list for PBXProject "Foodie" */ = {
			isa = XCConfigurationList;
			buildConfigurations = (
				ABE4C46526B1810600DBDCA4 /* Debug */,
				ABE4C46626B1810600DBDCA4 /* Release */,
			);
			defaultConfigurationIsVisible = 0;
			defaultConfigurationName = Release;
		};
		ABE4C46726B1810600DBDCA4 /* Build configuration list for PBXNativeTarget "Foodie" */ = {
			isa = XCConfigurationList;
			buildConfigurations = (
				ABE4C46826B1810600DBDCA4 /* Debug */,
				ABE4C46926B1810600DBDCA4 /* Release */,
			);
			defaultConfigurationIsVisible = 0;
			defaultConfigurationName = Release;
		};
/* End XCConfigurationList section */
	};
	rootObject = ABE4C44B26B1810500DBDCA4 /* Project object */;
}
